// !$*UTF8*$!
{
	archiveVersion = 1;
	classes = {
	};
	objectVersion = 50;
	objects = {

/* Begin PBXBuildFile section */
		2F31873723158610009D2ED7 /* AppDelegate.swift in Sources */ = {isa = PBXBuildFile; fileRef = 2F31873623158610009D2ED7 /* AppDelegate.swift */; };
		2F31873923158610009D2ED7 /* ViewController.swift in Sources */ = {isa = PBXBuildFile; fileRef = 2F31873823158610009D2ED7 /* ViewController.swift */; };
		2F31873C23158610009D2ED7 /* Main.storyboard in Resources */ = {isa = PBXBuildFile; fileRef = 2F31873A23158610009D2ED7 /* Main.storyboard */; };
		2F31873E23158612009D2ED7 /* Assets.xcassets in Resources */ = {isa = PBXBuildFile; fileRef = 2F31873D23158612009D2ED7 /* Assets.xcassets */; };
		2F31874123158612009D2ED7 /* LaunchScreen.storyboard in Resources */ = {isa = PBXBuildFile; fileRef = 2F31873F23158612009D2ED7 /* LaunchScreen.storyboard */; };
		2F31874C23158613009D2ED7 /* Image_ViewTests.swift in Sources */ = {isa = PBXBuildFile; fileRef = 2F31874B23158613009D2ED7 /* Image_ViewTests.swift */; };
		2F31875723158613009D2ED7 /* Image_ViewUITests.swift in Sources */ = {isa = PBXBuildFile; fileRef = 2F31875623158613009D2ED7 /* Image_ViewUITests.swift */; };
/* End PBXBuildFile section */

/* Begin PBXContainerItemProxy section */
		2F31874823158613009D2ED7 /* PBXContainerItemProxy */ = {
			isa = PBXContainerItemProxy;
			containerPortal = 2F31872B23158610009D2ED7 /* Project object */;
			proxyType = 1;
			remoteGlobalIDString = 2F31873223158610009D2ED7;
			remoteInfo = "Image View";
		};
		2F31875323158613009D2ED7 /* PBXContainerItemProxy */ = {
			isa = PBXContainerItemProxy;
			containerPortal = 2F31872B23158610009D2ED7 /* Project object */;
			proxyType = 1;
			remoteGlobalIDString = 2F31873223158610009D2ED7;
			remoteInfo = "Image View";
		};
/* End PBXContainerItemProxy section */

/* Begin PBXFileReference section */
		2F31873323158610009D2ED7 /* Image View.app */ = {isa = PBXFileReference; explicitFileType = wrapper.application; includeInIndex = 0; path = "Image View.app"; sourceTree = BUILT_PRODUCTS_DIR; };
		2F31873623158610009D2ED7 /* AppDelegate.swift */ = {isa = PBXFileReference; lastKnownFileType = sourcecode.swift; path = AppDelegate.swift; sourceTree = "<group>"; };
		2F31873823158610009D2ED7 /* ViewController.swift */ = {isa = PBXFileReference; lastKnownFileType = sourcecode.swift; path = ViewController.swift; sourceTree = "<group>"; };
		2F31873B23158610009D2ED7 /* Base */ = {isa = PBXFileReference; lastKnownFileType = file.storyboard; name = Base; path = Base.lproj/Main.storyboard; sourceTree = "<group>"; };
		2F31873D23158612009D2ED7 /* Assets.xcassets */ = {isa = PBXFileReference; lastKnownFileType = folder.assetcatalog; path = Assets.xcassets; sourceTree = "<group>"; };
		2F31874023158612009D2ED7 /* Base */ = {isa = PBXFileReference; lastKnownFileType = file.storyboard; name = Base; path = Base.lproj/LaunchScreen.storyboard; sourceTree = "<group>"; };
		2F31874223158612009D2ED7 /* Info.plist */ = {isa = PBXFileReference; lastKnownFileType = text.plist.xml; path = Info.plist; sourceTree = "<group>"; };
		2F31874723158613009D2ED7 /* Image ViewTests.xctest */ = {isa = PBXFileReference; explicitFileType = wrapper.cfbundle; includeInIndex = 0; path = "Image ViewTests.xctest"; sourceTree = BUILT_PRODUCTS_DIR; };
		2F31874B23158613009D2ED7 /* Image_ViewTests.swift */ = {isa = PBXFileReference; lastKnownFileType = sourcecode.swift; path = Image_ViewTests.swift; sourceTree = "<group>"; };
		2F31874D23158613009D2ED7 /* Info.plist */ = {isa = PBXFileReference; lastKnownFileType = text.plist.xml; path = Info.plist; sourceTree = "<group>"; };
		2F31875223158613009D2ED7 /* Image ViewUITests.xctest */ = {isa = PBXFileReference; explicitFileType = wrapper.cfbundle; includeInIndex = 0; path = "Image ViewUITests.xctest"; sourceTree = BUILT_PRODUCTS_DIR; };
		2F31875623158613009D2ED7 /* Image_ViewUITests.swift */ = {isa = PBXFileReference; lastKnownFileType = sourcecode.swift; path = Image_ViewUITests.swift; sourceTree = "<group>"; };
		2F31875823158613009D2ED7 /* Info.plist */ = {isa = PBXFileReference; lastKnownFileType = text.plist.xml; path = Info.plist; sourceTree = "<group>"; };
/* End PBXFileReference section */

/* Begin PBXFrameworksBuildPhase section */
		2F31873023158610009D2ED7 /* Frameworks */ = {
			isa = PBXFrameworksBuildPhase;
			buildActionMask = 2147483647;
			files = (
			);
			runOnlyForDeploymentPostprocessing = 0;
		};
		2F31874423158613009D2ED7 /* Frameworks */ = {
			isa = PBXFrameworksBuildPhase;
			buildActionMask = 2147483647;
			files = (
			);
			runOnlyForDeploymentPostprocessing = 0;
		};
		2F31874F23158613009D2ED7 /* Frameworks */ = {
			isa = PBXFrameworksBuildPhase;
			buildActionMask = 2147483647;
			files = (
			);
			runOnlyForDeploymentPostprocessing = 0;
		};
/* End PBXFrameworksBuildPhase section */

/* Begin PBXGroup section */
		2F31872A23158610009D2ED7 = {
			isa = PBXGroup;
			children = (
				2F31873523158610009D2ED7 /* Image View */,
				2F31874A23158613009D2ED7 /* Image ViewTests */,
				2F31875523158613009D2ED7 /* Image ViewUITests */,
				2F31873423158610009D2ED7 /* Products */,
			);
			sourceTree = "<group>";
		};
		2F31873423158610009D2ED7 /* Products */ = {
			isa = PBXGroup;
			children = (
				2F31873323158610009D2ED7 /* Image View.app */,
				2F31874723158613009D2ED7 /* Image ViewTests.xctest */,
				2F31875223158613009D2ED7 /* Image ViewUITests.xctest */,
			);
			name = Products;
			sourceTree = "<group>";
		};
		2F31873523158610009D2ED7 /* Image View */ = {
			isa = PBXGroup;
			children = (
				2F31873623158610009D2ED7 /* AppDelegate.swift */,
				2F31873823158610009D2ED7 /* ViewController.swift */,
				2F31873A23158610009D2ED7 /* Main.storyboard */,
				2F31873D23158612009D2ED7 /* Assets.xcassets */,
				2F31873F23158612009D2ED7 /* LaunchScreen.storyboard */,
				2F31874223158612009D2ED7 /* Info.plist */,
			);
			path = "Image View";
			sourceTree = "<group>";
		};
		2F31874A23158613009D2ED7 /* Image ViewTests */ = {
			isa = PBXGroup;
			children = (
				2F31874B23158613009D2ED7 /* Image_ViewTests.swift */,
				2F31874D23158613009D2ED7 /* Info.plist */,
			);
			path = "Image ViewTests";
			sourceTree = "<group>";
		};
		2F31875523158613009D2ED7 /* Image ViewUITests */ = {
			isa = PBXGroup;
			children = (
				2F31875623158613009D2ED7 /* Image_ViewUITests.swift */,
				2F31875823158613009D2ED7 /* Info.plist */,
			);
			path = "Image ViewUITests";
			sourceTree = "<group>";
		};
/* End PBXGroup section */

/* Begin PBXNativeTarget section */
		2F31873223158610009D2ED7 /* Image View */ = {
			isa = PBXNativeTarget;
			buildConfigurationList = 2F31875B23158613009D2ED7 /* Build configuration list for PBXNativeTarget "Image View" */;
			buildPhases = (
				2F31872F23158610009D2ED7 /* Sources */,
				2F31873023158610009D2ED7 /* Frameworks */,
				2F31873123158610009D2ED7 /* Resources */,
			);
			buildRules = (
			);
			dependencies = (
			);
			name = "Image View";
			productName = "Image View";
			productReference = 2F31873323158610009D2ED7 /* Image View.app */;
			productType = "com.apple.product-type.application";
		};
		2F31874623158613009D2ED7 /* Image ViewTests */ = {
			isa = PBXNativeTarget;
			buildConfigurationList = 2F31875E23158613009D2ED7 /* Build configuration list for PBXNativeTarget "Image ViewTests" */;
			buildPhases = (
				2F31874323158613009D2ED7 /* Sources */,
				2F31874423158613009D2ED7 /* Frameworks */,
				2F31874523158613009D2ED7 /* Resources */,
			);
			buildRules = (
			);
			dependencies = (
				2F31874923158613009D2ED7 /* PBXTargetDependency */,
			);
			name = "Image ViewTests";
			productName = "Image ViewTests";
			productReference = 2F31874723158613009D2ED7 /* Image ViewTests.xctest */;
			productType = "com.apple.product-type.bundle.unit-test";
		};
		2F31875123158613009D2ED7 /* Image ViewUITests */ = {
			isa = PBXNativeTarget;
			buildConfigurationList = 2F31876123158613009D2ED7 /* Build configuration list for PBXNativeTarget "Image ViewUITests" */;
			buildPhases = (
				2F31874E23158613009D2ED7 /* Sources */,
				2F31874F23158613009D2ED7 /* Frameworks */,
				2F31875023158613009D2ED7 /* Resources */,
			);
			buildRules = (
			);
			dependencies = (
				2F31875423158613009D2ED7 /* PBXTargetDependency */,
			);
			name = "Image ViewUITests";
			productName = "Image ViewUITests";
			productReference = 2F31875223158613009D2ED7 /* Image ViewUITests.xctest */;
			productType = "com.apple.product-type.bundle.ui-testing";
		};
/* End PBXNativeTarget section */

/* Begin PBXProject section */
		2F31872B23158610009D2ED7 /* Project object */ = {
			isa = PBXProject;
			attributes = {
				LastSwiftUpdateCheck = 1030;
				LastUpgradeCheck = 1030;
				ORGANIZATIONNAME = "Christina Ferrari";
				TargetAttributes = {
					2F31873223158610009D2ED7 = {
						CreatedOnToolsVersion = 10.3;
					};
					2F31874623158613009D2ED7 = {
						CreatedOnToolsVersion = 10.3;
						TestTargetID = 2F31873223158610009D2ED7;
					};
					2F31875123158613009D2ED7 = {
						CreatedOnToolsVersion = 10.3;
						TestTargetID = 2F31873223158610009D2ED7;
					};
				};
			};
			buildConfigurationList = 2F31872E23158610009D2ED7 /* Build configuration list for PBXProject "Image View" */;
			compatibilityVersion = "Xcode 9.3";
			developmentRegion = en;
			hasScannedForEncodings = 0;
			knownRegions = (
				en,
				Base,
			);
			mainGroup = 2F31872A23158610009D2ED7;
			productRefGroup = 2F31873423158610009D2ED7 /* Products */;
			projectDirPath = "";
			projectRoot = "";
			targets = (
				2F31873223158610009D2ED7 /* Image View */,
				2F31874623158613009D2ED7 /* Image ViewTests */,
				2F31875123158613009D2ED7 /* Image ViewUITests */,
			);
		};
/* End PBXProject section */

/* Begin PBXResourcesBuildPhase section */
		2F31873123158610009D2ED7 /* Resources */ = {
			isa = PBXResourcesBuildPhase;
			buildActionMask = 2147483647;
			files = (
				2F31874123158612009D2ED7 /* LaunchScreen.storyboard in Resources */,
				2F31873E23158612009D2ED7 /* Assets.xcassets in Resources */,
				2F31873C23158610009D2ED7 /* Main.storyboard in Resources */,
			);
			runOnlyForDeploymentPostprocessing = 0;
		};
		2F31874523158613009D2ED7 /* Resources */ = {
			isa = PBXResourcesBuildPhase;
			buildActionMask = 2147483647;
			files = (
			);
			runOnlyForDeploymentPostprocessing = 0;
		};
		2F31875023158613009D2ED7 /* Resources */ = {
			isa = PBXResourcesBuildPhase;
			buildActionMask = 2147483647;
			files = (
			);
			runOnlyForDeploymentPostprocessing = 0;
		};
/* End PBXResourcesBuildPhase section */

/* Begin PBXSourcesBuildPhase section */
		2F31872F23158610009D2ED7 /* Sources */ = {
			isa = PBXSourcesBuildPhase;
			buildActionMask = 2147483647;
			files = (
				2F31873923158610009D2ED7 /* ViewController.swift in Sources */,
				2F31873723158610009D2ED7 /* AppDelegate.swift in Sources */,
			);
			runOnlyForDeploymentPostprocessing = 0;
		};
		2F31874323158613009D2ED7 /* Sources */ = {
			isa = PBXSourcesBuildPhase;
			buildActionMask = 2147483647;
			files = (
				2F31874C23158613009D2ED7 /* Image_ViewTests.swift in Sources */,
			);
			runOnlyForDeploymentPostprocessing = 0;
		};
		2F31874E23158613009D2ED7 /* Sources */ = {
			isa = PBXSourcesBuildPhase;
			buildActionMask = 2147483647;
			files = (
				2F31875723158613009D2ED7 /* Image_ViewUITests.swift in Sources */,
			);
			runOnlyForDeploymentPostprocessing = 0;
		};
/* End PBXSourcesBuildPhase section */

/* Begin PBXTargetDependency section */
		2F31874923158613009D2ED7 /* PBXTargetDependency */ = {
			isa = PBXTargetDependency;
			target = 2F31873223158610009D2ED7 /* Image View */;
			targetProxy = 2F31874823158613009D2ED7 /* PBXContainerItemProxy */;
		};
		2F31875423158613009D2ED7 /* PBXTargetDependency */ = {
			isa = PBXTargetDependency;
			target = 2F31873223158610009D2ED7 /* Image View */;
			targetProxy = 2F31875323158613009D2ED7 /* PBXContainerItemProxy */;
		};
/* End PBXTargetDependency section */

/* Begin PBXVariantGroup section */
		2F31873A23158610009D2ED7 /* Main.storyboard */ = {
			isa = PBXVariantGroup;
			children = (
				2F31873B23158610009D2ED7 /* Base */,
			);
			name = Main.storyboard;
			sourceTree = "<group>";
		};
		2F31873F23158612009D2ED7 /* LaunchScreen.storyboard */ = {
			isa = PBXVariantGroup;
			children = (
				2F31874023158612009D2ED7 /* Base */,
			);
			name = LaunchScreen.storyboard;
			sourceTree = "<group>";
		};
/* End PBXVariantGroup section */

/* Begin XCBuildConfiguration section */
		2F31875923158613009D2ED7 /* Debug */ = {
			isa = XCBuildConfiguration;
			buildSettings = {
				ALWAYS_SEARCH_USER_PATHS = NO;
				CLANG_ANALYZER_NONNULL = YES;
				CLANG_ANALYZER_NUMBER_OBJECT_CONVERSION = YES_AGGRESSIVE;
				CLANG_CXX_LANGUAGE_STANDARD = "gnu++14";
				CLANG_CXX_LIBRARY = "libc++";
				CLANG_ENABLE_MODULES = YES;
				CLANG_ENABLE_OBJC_ARC = YES;
				CLANG_ENABLE_OBJC_WEAK = YES;
				CLANG_WARN_BLOCK_CAPTURE_AUTORELEASING = YES;
				CLANG_WARN_BOOL_CONVERSION = YES;
				CLANG_WARN_COMMA = YES;
				CLANG_WARN_CONSTANT_CONVERSION = YES;
				CLANG_WARN_DEPRECATED_OBJC_IMPLEMENTATIONS = YES;
				CLANG_WARN_DIRECT_OBJC_ISA_USAGE = YES_ERROR;
				CLANG_WARN_DOCUMENTATION_COMMENTS = YES;
				CLANG_WARN_EMPTY_BODY = YES;
				CLANG_WARN_ENUM_CONVERSION = YES;
				CLANG_WARN_INFINITE_RECURSION = YES;
				CLANG_WARN_INT_CONVERSION = YES;
				CLANG_WARN_NON_LITERAL_NULL_CONVERSION = YES;
				CLANG_WARN_OBJC_IMPLICIT_RETAIN_SELF = YES;
				CLANG_WARN_OBJC_LITERAL_CONVERSION = YES;
				CLANG_WARN_OBJC_ROOT_CLASS = YES_ERROR;
				CLANG_WARN_RANGE_LOOP_ANALYSIS = YES;
				CLANG_WARN_STRICT_PROTOTYPES = YES;
				CLANG_WARN_SUSPICIOUS_MOVE = YES;
				CLANG_WARN_UNGUARDED_AVAILABILITY = YES_AGGRESSIVE;
				CLANG_WARN_UNREACHABLE_CODE = YES;
				CLANG_WARN__DUPLICATE_METHOD_MATCH = YES;
				CODE_SIGN_IDENTITY = "iPhone Developer";
				COPY_PHASE_STRIP = NO;
				DEBUG_INFORMATION_FORMAT = dwarf;
				ENABLE_STRICT_OBJC_MSGSEND = YES;
				ENABLE_TESTABILITY = YES;
				GCC_C_LANGUAGE_STANDARD = gnu11;
				GCC_DYNAMIC_NO_PIC = NO;
				GCC_NO_COMMON_BLOCKS = YES;
				GCC_OPTIMIZATION_LEVEL = 0;
				GCC_PREPROCESSOR_DEFINITIONS = (
					"DEBUG=1",
					"$(inherited)",
				);
				GCC_WARN_64_TO_32_BIT_CONVERSION = YES;
				GCC_WARN_ABOUT_RETURN_TYPE = YES_ERROR;
				GCC_WARN_UNDECLARED_SELECTOR = YES;
				GCC_WARN_UNINITIALIZED_AUTOS = YES_AGGRESSIVE;
				GCC_WARN_UNUSED_FUNCTION = YES;
				GCC_WARN_UNUSED_VARIABLE = YES;
				IPHONEOS_DEPLOYMENT_TARGET = 12.4;
				MTL_ENABLE_DEBUG_INFO = INCLUDE_SOURCE;
				MTL_FAST_MATH = YES;
				ONLY_ACTIVE_ARCH = YES;
				SDKROOT = iphoneos;
				SWIFT_ACTIVE_COMPILATION_CONDITIONS = DEBUG;
				SWIFT_OPTIMIZATION_LEVEL = "-Onone";
			};
			name = Debug;
		};
		2F31875A23158613009D2ED7 /* Release */ = {
			isa = XCBuildConfiguration;
			buildSettings = {
				ALWAYS_SEARCH_USER_PATHS = NO;
				CLANG_ANALYZER_NONNULL = YES;
				CLANG_ANALYZER_NUMBER_OBJECT_CONVERSION = YES_AGGRESSIVE;
				CLANG_CXX_LANGUAGE_STANDARD = "gnu++14";
				CLANG_CXX_LIBRARY = "libc++";
				CLANG_ENABLE_MODULES = YES;
				CLANG_ENABLE_OBJC_ARC = YES;
				CLANG_ENABLE_OBJC_WEAK = YES;
				CLANG_WARN_BLOCK_CAPTURE_AUTORELEASING = YES;
				CLANG_WARN_BOOL_CONVERSION = YES;
				CLANG_WARN_COMMA = YES;
				CLANG_WARN_CONSTANT_CONVERSION = YES;
				CLANG_WARN_DEPRECATED_OBJC_IMPLEMENTATIONS = YES;
				CLANG_WARN_DIRECT_OBJC_ISA_USAGE = YES_ERROR;
				CLANG_WARN_DOCUMENTATION_COMMENTS = YES;
				CLANG_WARN_EMPTY_BODY = YES;
				CLANG_WARN_ENUM_CONVERSION = YES;
				CLANG_WARN_INFINITE_RECURSION = YES;
				CLANG_WARN_INT_CONVERSION = YES;
				CLANG_WARN_NON_LITERAL_NULL_CONVERSION = YES;
				CLANG_WARN_OBJC_IMPLICIT_RETAIN_SELF = YES;
				CLANG_WARN_OBJC_LITERAL_CONVERSION = YES;
				CLANG_WARN_OBJC_ROOT_CLASS = YES_ERROR;
				CLANG_WARN_RANGE_LOOP_ANALYSIS = YES;
				CLANG_WARN_STRICT_PROTOTYPES = YES;
				CLANG_WARN_SUSPICIOUS_MOVE = YES;
				CLANG_WARN_UNGUARDED_AVAILABILITY = YES_AGGRESSIVE;
				CLANG_WARN_UNREACHABLE_CODE = YES;
				CLANG_WARN__DUPLICATE_METHOD_MATCH = YES;
				CODE_SIGN_IDENTITY = "iPhone Developer";
				COPY_PHASE_STRIP = NO;
				DEBUG_INFORMATION_FORMAT = "dwarf-with-dsym";
				ENABLE_NS_ASSERTIONS = NO;
				ENABLE_STRICT_OBJC_MSGSEND = YES;
				GCC_C_LANGUAGE_STANDARD = gnu11;
				GCC_NO_COMMON_BLOCKS = YES;
				GCC_WARN_64_TO_32_BIT_CONVERSION = YES;
				GCC_WARN_ABOUT_RETURN_TYPE = YES_ERROR;
				GCC_WARN_UNDECLARED_SELECTOR = YES;
				GCC_WARN_UNINITIALIZED_AUTOS = YES_AGGRESSIVE;
				GCC_WARN_UNUSED_FUNCTION = YES;
				GCC_WARN_UNUSED_VARIABLE = YES;
				IPHONEOS_DEPLOYMENT_TARGET = 12.4;
				MTL_ENABLE_DEBUG_INFO = NO;
				MTL_FAST_MATH = YES;
				SDKROOT = iphoneos;
				SWIFT_COMPILATION_MODE = wholemodule;
				SWIFT_OPTIMIZATION_LEVEL = "-O";
				VALIDATE_PRODUCT = YES;
			};
			name = Release;
		};
		2F31875C23158613009D2ED7 /* Debug */ = {
			isa = XCBuildConfiguration;
			buildSettings = {
				ASSETCATALOG_COMPILER_APPICON_NAME = AppIcon;
				CODE_SIGN_STYLE = Automatic;
				DEVELOPMENT_TEAM = 35LN82JDRR;
				INFOPLIST_FILE = "Image View/Info.plist";
				LD_RUNPATH_SEARCH_PATHS = (
					"$(inherited)",
					"@executable_path/Frameworks",
				);
				PRODUCT_BUNDLE_IDENTIFIER = "TheLastAce.Image-View";
				PRODUCT_NAME = "$(TARGET_NAME)";
				SWIFT_VERSION = 5.0;
				TARGETED_DEVICE_FAMILY = "1,2";
			};
			name = Debug;
		};
		2F31875D23158613009D2ED7 /* Release */ = {
			isa = XCBuildConfiguration;
			buildSettings = {
				ASSETCATALOG_COMPILER_APPICON_NAME = AppIcon;
				CODE_SIGN_STYLE = Automatic;
				DEVELOPMENT_TEAM = 35LN82JDRR;
				INFOPLIST_FILE = "Image View/Info.plist";
				LD_RUNPATH_SEARCH_PATHS = (
					"$(inherited)",
					"@executable_path/Frameworks",
				);
				PRODUCT_BUNDLE_IDENTIFIER = "TheLastAce.Image-View";
				PRODUCT_NAME = "$(TARGET_NAME)";
				SWIFT_VERSION = 5.0;
				TARGETED_DEVICE_FAMILY = "1,2";
			};
			name = Release;
		};
		2F31875F23158613009D2ED7 /* Debug */ = {
			isa = XCBuildConfiguration;
			buildSettings = {
				ALWAYS_EMBED_SWIFT_STANDARD_LIBRARIES = YES;
				BUNDLE_LOADER = "$(TEST_HOST)";
				CODE_SIGN_STYLE = Automatic;
				DEVELOPMENT_TEAM = 35LN82JDRR;
				INFOPLIST_FILE = "Image ViewTests/Info.plist";
				LD_RUNPATH_SEARCH_PATHS = (
					"$(inherited)",
					"@executable_path/Frameworks",
					"@loader_path/Frameworks",
				);
				PRODUCT_BUNDLE_IDENTIFIER = "TheLastAce.Image-ViewTests";
				PRODUCT_NAME = "$(TARGET_NAME)";
				SWIFT_VERSION = 5.0;
				TARGETED_DEVICE_FAMILY = "1,2";
				TEST_HOST = "$(BUILT_PRODUCTS_DIR)/Image View.app/Image View";
			};
			name = Debug;
		};
		2F31876023158613009D2ED7 /* Release */ = {
			isa = XCBuildConfiguration;
			buildSettings = {
				ALWAYS_EMBED_SWIFT_STANDARD_LIBRARIES = YES;
				BUNDLE_LOADER = "$(TEST_HOST)";
				CODE_SIGN_STYLE = Automatic;
				DEVELOPMENT_TEAM = 35LN82JDRR;
				INFOPLIST_FILE = "Image ViewTests/Info.plist";
				LD_RUNPATH_SEARCH_PATHS = (
					"$(inherited)",
					"@executable_path/Frameworks",
					"@loader_path/Frameworks",
				);
				PRODUCT_BUNDLE_IDENTIFIER = "TheLastAce.Image-ViewTests";
				PRODUCT_NAME = "$(TARGET_NAME)";
				SWIFT_VERSION = 5.0;
				TARGETED_DEVICE_FAMILY = "1,2";
				TEST_HOST = "$(BUILT_PRODUCTS_DIR)/Image View.app/Image View";
			};
			name = Release;
		};
		2F31876223158613009D2ED7 /* Debug */ = {
			isa = XCBuildConfiguration;
			buildSettings = {
				ALWAYS_EMBED_SWIFT_STANDARD_LIBRARIES = YES;
				CODE_SIGN_STYLE = Automatic;
				DEVELOPMENT_TEAM = 35LN82JDRR;
				INFOPLIST_FILE = "Image ViewUITests/Info.plist";
				LD_RUNPATH_SEARCH_PATHS = (
					"$(inherited)",
					"@executable_path/Frameworks",
					"@loader_path/Frameworks",
				);
				PRODUCT_BUNDLE_IDENTIFIER = "TheLastAce.Image-ViewUITests";
				PRODUCT_NAME = "$(TARGET_NAME)";
				SWIFT_VERSION = 5.0;
				TARGETED_DEVICE_FAMILY = "1,2";
				TEST_TARGET_NAME = "Image View";
			};
			name = Debug;
		};
		2F31876323158613009D2ED7 /* Release */ = {
			isa = XCBuildConfiguration;
			buildSettings = {
				ALWAYS_EMBED_SWIFT_STANDARD_LIBRARIES = YES;
				CODE_SIGN_STYLE = Automatic;
				DEVELOPMENT_TEAM = 35LN82JDRR;
				INFOPLIST_FILE = "Image ViewUITests/Info.plist";
				LD_RUNPATH_SEARCH_PATHS = (
					"$(inherited)",
					"@executable_path/Frameworks",
					"@loader_path/Frameworks",
				);
				PRODUCT_BUNDLE_IDENTIFIER = "TheLastAce.Image-ViewUITests";
				PRODUCT_NAME = "$(TARGET_NAME)";
				SWIFT_VERSION = 5.0;
				TARGETED_DEVICE_FAMILY = "1,2";
				TEST_TARGET_NAME = "Image View";
			};
			name = Release;
		};
/* End XCBuildConfiguration section */

/* Begin XCConfigurationList section */
		2F31872E23158610009D2ED7 /* Build configuration list for PBXProject "Image View" */ = {
			isa = XCConfigurationList;
			buildConfigurations = (
				2F31875923158613009D2ED7 /* Debug */,
				2F31875A23158613009D2ED7 /* Release */,
			);
			defaultConfigurationIsVisible = 0;
			defaultConfigurationName = Release;
		};
		2F31875B23158613009D2ED7 /* Build configuration list for PBXNativeTarget "Image View" */ = {
			isa = XCConfigurationList;
			buildConfigurations = (
				2F31875C23158613009D2ED7 /* Debug */,
				2F31875D23158613009D2ED7 /* Release */,
			);
			defaultConfigurationIsVisible = 0;
			defaultConfigurationName = Release;
		};
		2F31875E23158613009D2ED7 /* Build configuration list for PBXNativeTarget "Image ViewTests" */ = {
			isa = XCConfigurationList;
			buildConfigurations = (
				2F31875F23158613009D2ED7 /* Debug */,
				2F31876023158613009D2ED7 /* Release */,
			);
			defaultConfigurationIsVisible = 0;
			defaultConfigurationName = Release;
		};
		2F31876123158613009D2ED7 /* Build configuration list for PBXNativeTarget "Image ViewUITests" */ = {
			isa = XCConfigurationList;
			buildConfigurations = (
				2F31876223158613009D2ED7 /* Debug */,
				2F31876323158613009D2ED7 /* Release */,
			);
			defaultConfigurationIsVisible = 0;
			defaultConfigurationName = Release;
		};
/* End XCConfigurationList section */
	};
	rootObject = 2F31872B23158610009D2ED7 /* Project object */;
}
